// !$*UTF8*$!
{
	archiveVersion = 1;
	classes = {
	};
	objectVersion = 77;
	objects = {

/* Begin PBXBuildFile section */
		9999AE5C2D5F0117008C6611 /* Lottie in Frameworks */ = {isa = PBXBuildFile; productRef = 9999AE5B2D5F0117008C6611 /* Lottie */; };
		9999AE602D5F0184008C6611 /* Lottie in Frameworks */ = {isa = PBXBuildFile; productRef = 9999AE5F2D5F0184008C6611 /* Lottie */; };
		9999AE622D5F0184008C6611 /* Lottie-Dynamic in Frameworks */ = {isa = PBXBuildFile; productRef = 9999AE612D5F0184008C6611 /* Lottie-Dynamic */; };
		9999AE642D5F0193008C6611 /* Lottie in Frameworks */ = {isa = PBXBuildFile; productRef = 9999AE632D5F0193008C6611 /* Lottie */; };
		9999AE662D5F0193008C6611 /* Lottie-Dynamic in Frameworks */ = {isa = PBXBuildFile; productRef = 9999AE652D5F0193008C6611 /* Lottie-Dynamic */; };
/* End PBXBuildFile section */

/* Begin PBXContainerItemProxy section */
		99DF19C12D5EA39700A9589E /* PBXContainerItemProxy */ = {
			isa = PBXContainerItemProxy;
			containerPortal = 99DF19A82D5EA39000A9589E /* Project object */;
			proxyType = 1;
			remoteGlobalIDString = 99DF19AF2D5EA39000A9589E;
			remoteInfo = Coffee_theme_timer;
		};
		99DF19CB2D5EA39800A9589E /* PBXContainerItemProxy */ = {
			isa = PBXContainerItemProxy;
			containerPortal = 99DF19A82D5EA39000A9589E /* Project object */;
			proxyType = 1;
			remoteGlobalIDString = 99DF19AF2D5EA39000A9589E;
			remoteInfo = Coffee_theme_timer;
		};
/* End PBXContainerItemProxy section */

/* Begin PBXFileReference section */
		99DF19B02D5EA39000A9589E /* Coffee_theme_timer.app */ = {isa = PBXFileReference; explicitFileType = wrapper.application; includeInIndex = 0; path = Coffee_theme_timer.app; sourceTree = BUILT_PRODUCTS_DIR; };
		99DF19C02D5EA39700A9589E /* Coffee_theme_timerTests.xctest */ = {isa = PBXFileReference; explicitFileType = wrapper.cfbundle; includeInIndex = 0; path = Coffee_theme_timerTests.xctest; sourceTree = BUILT_PRODUCTS_DIR; };
		99DF19CA2D5EA39800A9589E /* Coffee_theme_timerUITests.xctest */ = {isa = PBXFileReference; explicitFileType = wrapper.cfbundle; includeInIndex = 0; path = Coffee_theme_timerUITests.xctest; sourceTree = BUILT_PRODUCTS_DIR; };
/* End PBXFileReference section */

/* Begin PBXFileSystemSynchronizedRootGroup section */
		99DF19B22D5EA39000A9589E /* Coffee_theme_timer */ = {
			isa = PBXFileSystemSynchronizedRootGroup;
			path = Coffee_theme_timer;
			sourceTree = "<group>";
		};
		99DF19C32D5EA39800A9589E /* Coffee_theme_timerTests */ = {
			isa = PBXFileSystemSynchronizedRootGroup;
			path = Coffee_theme_timerTests;
			sourceTree = "<group>";
		};
		99DF19CD2D5EA39800A9589E /* Coffee_theme_timerUITests */ = {
			isa = PBXFileSystemSynchronizedRootGroup;
			path = Coffee_theme_timerUITests;
			sourceTree = "<group>";
		};
/* End PBXFileSystemSynchronizedRootGroup section */

/* Begin PBXFrameworksBuildPhase section */
		99DF19AD2D5EA39000A9589E /* Frameworks */ = {
			isa = PBXFrameworksBuildPhase;
			buildActionMask = 2147483647;
			files = (
				9999AE5C2D5F0117008C6611 /* Lottie in Frameworks */,
			);
			runOnlyForDeploymentPostprocessing = 0;
		};
		99DF19BD2D5EA39700A9589E /* Frameworks */ = {
			isa = PBXFrameworksBuildPhase;
			buildActionMask = 2147483647;
			files = (
				9999AE602D5F0184008C6611 /* Lottie in Frameworks */,
				9999AE622D5F0184008C6611 /* Lottie-Dynamic in Frameworks */,
			);
			runOnlyForDeploymentPostprocessing = 0;
		};
		99DF19C72D5EA39800A9589E /* Frameworks */ = {
			isa = PBXFrameworksBuildPhase;
			buildActionMask = 2147483647;
			files = (
				9999AE642D5F0193008C6611 /* Lottie in Frameworks */,
				9999AE662D5F0193008C6611 /* Lottie-Dynamic in Frameworks */,
			);
			runOnlyForDeploymentPostprocessing = 0;
		};
/* End PBXFrameworksBuildPhase section */

/* Begin PBXGroup section */
		99DF19A72D5EA39000A9589E = {
			isa = PBXGroup;
			children = (
				99DF19B22D5EA39000A9589E /* Coffee_theme_timer */,
				99DF19C32D5EA39800A9589E /* Coffee_theme_timerTests */,
				99DF19CD2D5EA39800A9589E /* Coffee_theme_timerUITests */,
				99DF19B12D5EA39000A9589E /* Products */,
			);
			sourceTree = "<group>";
		};
		99DF19B12D5EA39000A9589E /* Products */ = {
			isa = PBXGroup;
			children = (
				99DF19B02D5EA39000A9589E /* Coffee_theme_timer.app */,
				99DF19C02D5EA39700A9589E /* Coffee_theme_timerTests.xctest */,
				99DF19CA2D5EA39800A9589E /* Coffee_theme_timerUITests.xctest */,
			);
			name = Products;
			sourceTree = "<group>";
		};
/* End PBXGroup section */

/* Begin PBXNativeTarget section */
		99DF19AF2D5EA39000A9589E /* Coffee_theme_timer */ = {
			isa = PBXNativeTarget;
			buildConfigurationList = 99DF19D42D5EA39800A9589E /* Build configuration list for PBXNativeTarget "Coffee_theme_timer" */;
			buildPhases = (
				99DF19AC2D5EA39000A9589E /* Sources */,
				99DF19AD2D5EA39000A9589E /* Frameworks */,
				99DF19AE2D5EA39000A9589E /* Resources */,
			);
			buildRules = (
			);
			dependencies = (
			);
			fileSystemSynchronizedGroups = (
				99DF19B22D5EA39000A9589E /* Coffee_theme_timer */,
			);
			name = Coffee_theme_timer;
			packageProductDependencies = (
				9999AE5B2D5F0117008C6611 /* Lottie */,
			);
			productName = Coffee_theme_timer;
			productReference = 99DF19B02D5EA39000A9589E /* Coffee_theme_timer.app */;
			productType = "com.apple.product-type.application";
		};
		99DF19BF2D5EA39700A9589E /* Coffee_theme_timerTests */ = {
			isa = PBXNativeTarget;
			buildConfigurationList = 99DF19D72D5EA39800A9589E /* Build configuration list for PBXNativeTarget "Coffee_theme_timerTests" */;
			buildPhases = (
				99DF19BC2D5EA39700A9589E /* Sources */,
				99DF19BD2D5EA39700A9589E /* Frameworks */,
				99DF19BE2D5EA39700A9589E /* Resources */,
			);
			buildRules = (
			);
			dependencies = (
				99DF19C22D5EA39700A9589E /* PBXTargetDependency */,
			);
			fileSystemSynchronizedGroups = (
				99DF19C32D5EA39800A9589E /* Coffee_theme_timerTests */,
			);
			name = Coffee_theme_timerTests;
			packageProductDependencies = (
				9999AE5F2D5F0184008C6611 /* Lottie */,
				9999AE612D5F0184008C6611 /* Lottie-Dynamic */,
			);
			productName = Coffee_theme_timerTests;
			productReference = 99DF19C02D5EA39700A9589E /* Coffee_theme_timerTests.xctest */;
			productType = "com.apple.product-type.bundle.unit-test";
		};
		99DF19C92D5EA39800A9589E /* Coffee_theme_timerUITests */ = {
			isa = PBXNativeTarget;
			buildConfigurationList = 99DF19DA2D5EA39800A9589E /* Build configuration list for PBXNativeTarget "Coffee_theme_timerUITests" */;
			buildPhases = (
				99DF19C62D5EA39800A9589E /* Sources */,
				99DF19C72D5EA39800A9589E /* Frameworks */,
				99DF19C82D5EA39800A9589E /* Resources */,
			);
			buildRules = (
			);
			dependencies = (
				99DF19CC2D5EA39800A9589E /* PBXTargetDependency */,
			);
			fileSystemSynchronizedGroups = (
				99DF19CD2D5EA39800A9589E /* Coffee_theme_timerUITests */,
			);
			name = Coffee_theme_timerUITests;
			packageProductDependencies = (
				9999AE632D5F0193008C6611 /* Lottie */,
				9999AE652D5F0193008C6611 /* Lottie-Dynamic */,
			);
			productName = Coffee_theme_timerUITests;
			productReference = 99DF19CA2D5EA39800A9589E /* Coffee_theme_timerUITests.xctest */;
			productType = "com.apple.product-type.bundle.ui-testing";
		};
/* End PBXNativeTarget section */

/* Begin PBXProject section */
		99DF19A82D5EA39000A9589E /* Project object */ = {
			isa = PBXProject;
			attributes = {
				BuildIndependentTargetsInParallel = 1;
				LastSwiftUpdateCheck = 1620;
				LastUpgradeCheck = 1620;
				TargetAttributes = {
					99DF19AF2D5EA39000A9589E = {
						CreatedOnToolsVersion = 16.2;
					};
					99DF19BF2D5EA39700A9589E = {
						CreatedOnToolsVersion = 16.2;
						TestTargetID = 99DF19AF2D5EA39000A9589E;
					};
					99DF19C92D5EA39800A9589E = {
						CreatedOnToolsVersion = 16.2;
						TestTargetID = 99DF19AF2D5EA39000A9589E;
					};
				};
			};
			buildConfigurationList = 99DF19AB2D5EA39000A9589E /* Build configuration list for PBXProject "Coffee_theme_timer" */;
			developmentRegion = en;
			hasScannedForEncodings = 0;
			knownRegions = (
				en,
				Base,
			);
			mainGroup = 99DF19A72D5EA39000A9589E;
			minimizedProjectReferenceProxies = 1;
			packageReferences = (
				99DF1A9C2D5F001500A9589E /* XCRemoteSwiftPackageReference "lottie-ios" */,
			);
			preferredProjectObjectVersion = 77;
			productRefGroup = 99DF19B12D5EA39000A9589E /* Products */;
			projectDirPath = "";
			projectRoot = "";
			targets = (
				99DF19AF2D5EA39000A9589E /* Coffee_theme_timer */,
				99DF19BF2D5EA39700A9589E /* Coffee_theme_timerTests */,
				99DF19C92D5EA39800A9589E /* Coffee_theme_timerUITests */,
			);
		};
/* End PBXProject section */

/* Begin PBXResourcesBuildPhase section */
		99DF19AE2D5EA39000A9589E /* Resources */ = {
			isa = PBXResourcesBuildPhase;
			buildActionMask = 2147483647;
			files = (
			);
			runOnlyForDeploymentPostprocessing = 0;
		};
		99DF19BE2D5EA39700A9589E /* Resources */ = {
			isa = PBXResourcesBuildPhase;
			buildActionMask = 2147483647;
			files = (
			);
			runOnlyForDeploymentPostprocessing = 0;
		};
		99DF19C82D5EA39800A9589E /* Resources */ = {
			isa = PBXResourcesBuildPhase;
			buildActionMask = 2147483647;
			files = (
			);
			runOnlyForDeploymentPostprocessing = 0;
		};
/* End PBXResourcesBuildPhase section */

/* Begin PBXSourcesBuildPhase section */
		99DF19AC2D5EA39000A9589E /* Sources */ = {
			isa = PBXSourcesBuildPhase;
			buildActionMask = 2147483647;
			files = (
			);
			runOnlyForDeploymentPostprocessing = 0;
		};
		99DF19BC2D5EA39700A9589E /* Sources */ = {
			isa = PBXSourcesBuildPhase;
			buildActionMask = 2147483647;
			files = (
			);
			runOnlyForDeploymentPostprocessing = 0;
		};
		99DF19C62D5EA39800A9589E /* Sources */ = {
			isa = PBXSourcesBuildPhase;
			buildActionMask = 2147483647;
			files = (
			);
			runOnlyForDeploymentPostprocessing = 0;
		};
/* End PBXSourcesBuildPhase section */

/* Begin PBXTargetDependency section */
		99DF19C22D5EA39700A9589E /* PBXTargetDependency */ = {
			isa = PBXTargetDependency;
			target = 99DF19AF2D5EA39000A9589E /* Coffee_theme_timer */;
			targetProxy = 99DF19C12D5EA39700A9589E /* PBXContainerItemProxy */;
		};
		99DF19CC2D5EA39800A9589E /* PBXTargetDependency */ = {
			isa = PBXTargetDependency;
			target = 99DF19AF2D5EA39000A9589E /* Coffee_theme_timer */;
			targetProxy = 99DF19CB2D5EA39800A9589E /* PBXContainerItemProxy */;
		};
/* End PBXTargetDependency section */

/* Begin XCBuildConfiguration section */
		99DF19D22D5EA39800A9589E /* Debug */ = {
			isa = XCBuildConfiguration;
			buildSettings = {
				ALWAYS_SEARCH_USER_PATHS = NO;
				ASSETCATALOG_COMPILER_GENERATE_SWIFT_ASSET_SYMBOL_EXTENSIONS = YES;
				CLANG_ANALYZER_NONNULL = YES;
				CLANG_ANALYZER_NUMBER_OBJECT_CONVERSION = YES_AGGRESSIVE;
				CLANG_CXX_LANGUAGE_STANDARD = "gnu++20";
				CLANG_ENABLE_MODULES = YES;
				CLANG_ENABLE_OBJC_ARC = YES;
				CLANG_ENABLE_OBJC_WEAK = YES;
				CLANG_WARN_BLOCK_CAPTURE_AUTORELEASING = YES;
				CLANG_WARN_BOOL_CONVERSION = YES;
				CLANG_WARN_COMMA = YES;
				CLANG_WARN_CONSTANT_CONVERSION = YES;
				CLANG_WARN_DEPRECATED_OBJC_IMPLEMENTATIONS = YES;
				CLANG_WARN_DIRECT_OBJC_ISA_USAGE = YES_ERROR;
				CLANG_WARN_DOCUMENTATION_COMMENTS = YES;
				CLANG_WARN_EMPTY_BODY = YES;
				CLANG_WARN_ENUM_CONVERSION = YES;
				CLANG_WARN_INFINITE_RECURSION = YES;
				CLANG_WARN_INT_CONVERSION = YES;
				CLANG_WARN_NON_LITERAL_NULL_CONVERSION = YES;
				CLANG_WARN_OBJC_IMPLICIT_RETAIN_SELF = YES;
				CLANG_WARN_OBJC_LITERAL_CONVERSION = YES;
				CLANG_WARN_OBJC_ROOT_CLASS = YES_ERROR;
				CLANG_WARN_QUOTED_INCLUDE_IN_FRAMEWORK_HEADER = YES;
				CLANG_WARN_RANGE_LOOP_ANALYSIS = YES;
				CLANG_WARN_STRICT_PROTOTYPES = YES;
				CLANG_WARN_SUSPICIOUS_MOVE = YES;
				CLANG_WARN_UNGUARDED_AVAILABILITY = YES_AGGRESSIVE;
				CLANG_WARN_UNREACHABLE_CODE = YES;
				CLANG_WARN__DUPLICATE_METHOD_MATCH = YES;
				COPY_PHASE_STRIP = NO;
				DEBUG_INFORMATION_FORMAT = dwarf;
				ENABLE_STRICT_OBJC_MSGSEND = YES;
				ENABLE_TESTABILITY = YES;
				ENABLE_USER_SCRIPT_SANDBOXING = YES;
				GCC_C_LANGUAGE_STANDARD = gnu17;
				GCC_DYNAMIC_NO_PIC = NO;
				GCC_NO_COMMON_BLOCKS = YES;
				GCC_OPTIMIZATION_LEVEL = 0;
				GCC_PREPROCESSOR_DEFINITIONS = (
					"DEBUG=1",
					"$(inherited)",
				);
				GCC_WARN_64_TO_32_BIT_CONVERSION = YES;
				GCC_WARN_ABOUT_RETURN_TYPE = YES_ERROR;
				GCC_WARN_UNDECLARED_SELECTOR = YES;
				GCC_WARN_UNINITIALIZED_AUTOS = YES_AGGRESSIVE;
				GCC_WARN_UNUSED_FUNCTION = YES;
				GCC_WARN_UNUSED_VARIABLE = YES;
				IPHONEOS_DEPLOYMENT_TARGET = 18.2;
				LOCALIZATION_PREFERS_STRING_CATALOGS = YES;
				MTL_ENABLE_DEBUG_INFO = INCLUDE_SOURCE;
				MTL_FAST_MATH = YES;
				ONLY_ACTIVE_ARCH = YES;
				SDKROOT = iphoneos;
				SWIFT_ACTIVE_COMPILATION_CONDITIONS = "DEBUG $(inherited)";
				SWIFT_OPTIMIZATION_LEVEL = "-Onone";
			};
			name = Debug;
		};
		99DF19D32D5EA39800A9589E /* Release */ = {
			isa = XCBuildConfiguration;
			buildSettings = {
				ALWAYS_SEARCH_USER_PATHS = NO;
				ASSETCATALOG_COMPILER_GENERATE_SWIFT_ASSET_SYMBOL_EXTENSIONS = YES;
				CLANG_ANALYZER_NONNULL = YES;
				CLANG_ANALYZER_NUMBER_OBJECT_CONVERSION = YES_AGGRESSIVE;
				CLANG_CXX_LANGUAGE_STANDARD = "gnu++20";
				CLANG_ENABLE_MODULES = YES;
				CLANG_ENABLE_OBJC_ARC = YES;
				CLANG_ENABLE_OBJC_WEAK = YES;
				CLANG_WARN_BLOCK_CAPTURE_AUTORELEASING = YES;
				CLANG_WARN_BOOL_CONVERSION = YES;
				CLANG_WARN_COMMA = YES;
				CLANG_WARN_CONSTANT_CONVERSION = YES;
				CLANG_WARN_DEPRECATED_OBJC_IMPLEMENTATIONS = YES;
				CLANG_WARN_DIRECT_OBJC_ISA_USAGE = YES_ERROR;
				CLANG_WARN_DOCUMENTATION_COMMENTS = YES;
				CLANG_WARN_EMPTY_BODY = YES;
				CLANG_WARN_ENUM_CONVERSION = YES;
				CLANG_WARN_INFINITE_RECURSION = YES;
				CLANG_WARN_INT_CONVERSION = YES;
				CLANG_WARN_NON_LITERAL_NULL_CONVERSION = YES;
				CLANG_WARN_OBJC_IMPLICIT_RETAIN_SELF = YES;
				CLANG_WARN_OBJC_LITERAL_CONVERSION = YES;
				CLANG_WARN_OBJC_ROOT_CLASS = YES_ERROR;
				CLANG_WARN_QUOTED_INCLUDE_IN_FRAMEWORK_HEADER = YES;
				CLANG_WARN_RANGE_LOOP_ANALYSIS = YES;
				CLANG_WARN_STRICT_PROTOTYPES = YES;
				CLANG_WARN_SUSPICIOUS_MOVE = YES;
				CLANG_WARN_UNGUARDED_AVAILABILITY = YES_AGGRESSIVE;
				CLANG_WARN_UNREACHABLE_CODE = YES;
				CLANG_WARN__DUPLICATE_METHOD_MATCH = YES;
				COPY_PHASE_STRIP = NO;
				DEBUG_INFORMATION_FORMAT = "dwarf-with-dsym";
				ENABLE_NS_ASSERTIONS = NO;
				ENABLE_STRICT_OBJC_MSGSEND = YES;
				ENABLE_USER_SCRIPT_SANDBOXING = YES;
				GCC_C_LANGUAGE_STANDARD = gnu17;
				GCC_NO_COMMON_BLOCKS = YES;
				GCC_WARN_64_TO_32_BIT_CONVERSION = YES;
				GCC_WARN_ABOUT_RETURN_TYPE = YES_ERROR;
				GCC_WARN_UNDECLARED_SELECTOR = YES;
				GCC_WARN_UNINITIALIZED_AUTOS = YES_AGGRESSIVE;
				GCC_WARN_UNUSED_FUNCTION = YES;
				GCC_WARN_UNUSED_VARIABLE = YES;
				IPHONEOS_DEPLOYMENT_TARGET = 18.2;
				LOCALIZATION_PREFERS_STRING_CATALOGS = YES;
				MTL_ENABLE_DEBUG_INFO = NO;
				MTL_FAST_MATH = YES;
				SDKROOT = iphoneos;
				SWIFT_COMPILATION_MODE = wholemodule;
				VALIDATE_PRODUCT = YES;
			};
			name = Release;
		};
		99DF19D52D5EA39800A9589E /* Debug */ = {
			isa = XCBuildConfiguration;
			buildSettings = {
				ASSETCATALOG_COMPILER_APPICON_NAME = AppIcon;
				ASSETCATALOG_COMPILER_GLOBAL_ACCENT_COLOR_NAME = AccentColor;
				CODE_SIGN_STYLE = Automatic;
				CURRENT_PROJECT_VERSION = 1;
				DEVELOPMENT_ASSET_PATHS = "\"Coffee_theme_timer/Preview Content\"";
				ENABLE_PREVIEWS = YES;
				GENERATE_INFOPLIST_FILE = YES;
				INFOPLIST_KEY_UIApplicationSceneManifest_Generation = YES;
				INFOPLIST_KEY_UIApplicationSupportsIndirectInputEvents = YES;
				INFOPLIST_KEY_UILaunchScreen_Generation = YES;
				INFOPLIST_KEY_UISupportedInterfaceOrientations_iPad = "UIInterfaceOrientationPortrait UIInterfaceOrientationPortraitUpsideDown UIInterfaceOrientationLandscapeLeft UIInterfaceOrientationLandscapeRight";
				INFOPLIST_KEY_UISupportedInterfaceOrientations_iPhone = "UIInterfaceOrientationPortrait UIInterfaceOrientationLandscapeLeft UIInterfaceOrientationLandscapeRight";
				LD_RUNPATH_SEARCH_PATHS = (
					"$(inherited)",
					"@executable_path/Frameworks",
				);
				MARKETING_VERSION = 1.0;
				PRODUCT_BUNDLE_IDENTIFIER = "felicity.zhu.Coffee-theme-timer";
				PRODUCT_NAME = "$(TARGET_NAME)";
				SWIFT_EMIT_LOC_STRINGS = YES;
				SWIFT_VERSION = 5.0;
				TARGETED_DEVICE_FAMILY = "1,2";
			};
			name = Debug;
		};
		99DF19D62D5EA39800A9589E /* Release */ = {
			isa = XCBuildConfiguration;
			buildSettings = {
				ASSETCATALOG_COMPILER_APPICON_NAME = AppIcon;
				ASSETCATALOG_COMPILER_GLOBAL_ACCENT_COLOR_NAME = AccentColor;
				CODE_SIGN_STYLE = Automatic;
				CURRENT_PROJECT_VERSION = 1;
				DEVELOPMENT_ASSET_PATHS = "\"Coffee_theme_timer/Preview Content\"";
				ENABLE_PREVIEWS = YES;
				GENERATE_INFOPLIST_FILE = YES;
				INFOPLIST_KEY_UIApplicationSceneManifest_Generation = YES;
				INFOPLIST_KEY_UIApplicationSupportsIndirectInputEvents = YES;
				INFOPLIST_KEY_UILaunchScreen_Generation = YES;
				INFOPLIST_KEY_UISupportedInterfaceOrientations_iPad = "UIInterfaceOrientationPortrait UIInterfaceOrientationPortraitUpsideDown UIInterfaceOrientationLandscapeLeft UIInterfaceOrientationLandscapeRight";
				INFOPLIST_KEY_UISupportedInterfaceOrientations_iPhone = "UIInterfaceOrientationPortrait UIInterfaceOrientationLandscapeLeft UIInterfaceOrientationLandscapeRight";
				LD_RUNPATH_SEARCH_PATHS = (
					"$(inherited)",
					"@executable_path/Frameworks",
				);
				MARKETING_VERSION = 1.0;
				PRODUCT_BUNDLE_IDENTIFIER = "felicity.zhu.Coffee-theme-timer";
				PRODUCT_NAME = "$(TARGET_NAME)";
				SWIFT_EMIT_LOC_STRINGS = YES;
				SWIFT_VERSION = 5.0;
				TARGETED_DEVICE_FAMILY = "1,2";
			};
			name = Release;
		};
		99DF19D82D5EA39800A9589E /* Debug */ = {
			isa = XCBuildConfiguration;
			buildSettings = {
				BUNDLE_LOADER = "$(TEST_HOST)";
				CODE_SIGN_STYLE = Automatic;
				CURRENT_PROJECT_VERSION = 1;
				GENERATE_INFOPLIST_FILE = YES;
				IPHONEOS_DEPLOYMENT_TARGET = 18.2;
				MARKETING_VERSION = 1.0;
				PRODUCT_BUNDLE_IDENTIFIER = "felicity.zhu.Coffee-theme-timerTests";
				PRODUCT_NAME = "$(TARGET_NAME)";
				SWIFT_EMIT_LOC_STRINGS = NO;
				SWIFT_VERSION = 5.0;
				TARGETED_DEVICE_FAMILY = "1,2";
				TEST_HOST = "$(BUILT_PRODUCTS_DIR)/Coffee_theme_timer.app/$(BUNDLE_EXECUTABLE_FOLDER_PATH)/Coffee_theme_timer";
			};
			name = Debug;
		};
		99DF19D92D5EA39800A9589E /* Release */ = {
			isa = XCBuildConfiguration;
			buildSettings = {
				BUNDLE_LOADER = "$(TEST_HOST)";
				CODE_SIGN_STYLE = Automatic;
				CURRENT_PROJECT_VERSION = 1;
				GENERATE_INFOPLIST_FILE = YES;
				IPHONEOS_DEPLOYMENT_TARGET = 18.2;
				MARKETING_VERSION = 1.0;
				PRODUCT_BUNDLE_IDENTIFIER = "felicity.zhu.Coffee-theme-timerTests";
				PRODUCT_NAME = "$(TARGET_NAME)";
				SWIFT_EMIT_LOC_STRINGS = NO;
				SWIFT_VERSION = 5.0;
				TARGETED_DEVICE_FAMILY = "1,2";
				TEST_HOST = "$(BUILT_PRODUCTS_DIR)/Coffee_theme_timer.app/$(BUNDLE_EXECUTABLE_FOLDER_PATH)/Coffee_theme_timer";
			};
			name = Release;
		};
		99DF19DB2D5EA39800A9589E /* Debug */ = {
			isa = XCBuildConfiguration;
			buildSettings = {
				CODE_SIGN_STYLE = Automatic;
				CURRENT_PROJECT_VERSION = 1;
				GENERATE_INFOPLIST_FILE = YES;
				MARKETING_VERSION = 1.0;
				PRODUCT_BUNDLE_IDENTIFIER = "felicity.zhu.Coffee-theme-timerUITests";
				PRODUCT_NAME = "$(TARGET_NAME)";
				SWIFT_EMIT_LOC_STRINGS = NO;
				SWIFT_VERSION = 5.0;
				TARGETED_DEVICE_FAMILY = "1,2";
				TEST_TARGET_NAME = Coffee_theme_timer;
			};
			name = Debug;
		};
		99DF19DC2D5EA39800A9589E /* Release */ = {
			isa = XCBuildConfiguration;
			buildSettings = {
				CODE_SIGN_STYLE = Automatic;
				CURRENT_PROJECT_VERSION = 1;
				GENERATE_INFOPLIST_FILE = YES;
				MARKETING_VERSION = 1.0;
				PRODUCT_BUNDLE_IDENTIFIER = "felicity.zhu.Coffee-theme-timerUITests";
				PRODUCT_NAME = "$(TARGET_NAME)";
				SWIFT_EMIT_LOC_STRINGS = NO;
				SWIFT_VERSION = 5.0;
				TARGETED_DEVICE_FAMILY = "1,2";
				TEST_TARGET_NAME = Coffee_theme_timer;
			};
			name = Release;
		};
/* End XCBuildConfiguration section */

/* Begin XCConfigurationList section */
		99DF19AB2D5EA39000A9589E /* Build configuration list for PBXProject "Coffee_theme_timer" */ = {
			isa = XCConfigurationList;
			buildConfigurations = (
				99DF19D22D5EA39800A9589E /* Debug */,
				99DF19D32D5EA39800A9589E /* Release */,
			);
			defaultConfigurationIsVisible = 0;
			defaultConfigurationName = Release;
		};
		99DF19D42D5EA39800A9589E /* Build configuration list for PBXNativeTarget "Coffee_theme_timer" */ = {
			isa = XCConfigurationList;
			buildConfigurations = (
				99DF19D52D5EA39800A9589E /* Debug */,
				99DF19D62D5EA39800A9589E /* Release */,
			);
			defaultConfigurationIsVisible = 0;
			defaultConfigurationName = Release;
		};
		99DF19D72D5EA39800A9589E /* Build configuration list for PBXNativeTarget "Coffee_theme_timerTests" */ = {
			isa = XCConfigurationList;
			buildConfigurations = (
				99DF19D82D5EA39800A9589E /* Debug */,
				99DF19D92D5EA39800A9589E /* Release */,
			);
			defaultConfigurationIsVisible = 0;
			defaultConfigurationName = Release;
		};
		99DF19DA2D5EA39800A9589E /* Build configuration list for PBXNativeTarget "Coffee_theme_timerUITests" */ = {
			isa = XCConfigurationList;
			buildConfigurations = (
				99DF19DB2D5EA39800A9589E /* Debug */,
				99DF19DC2D5EA39800A9589E /* Release */,
			);
			defaultConfigurationIsVisible = 0;
			defaultConfigurationName = Release;
		};
/* End XCConfigurationList section */

/* Begin XCRemoteSwiftPackageReference section */
		99DF1A9C2D5F001500A9589E /* XCRemoteSwiftPackageReference "lottie-ios" */ = {
			isa = XCRemoteSwiftPackageReference;
			repositoryURL = "https://github.com/airbnb/lottie-ios.git";
			requirement = {
				kind = upToNextMajorVersion;
				minimumVersion = 4.5.1;
			};
		};
/* End XCRemoteSwiftPackageReference section */

/* Begin XCSwiftPackageProductDependency section */
		9999AE5B2D5F0117008C6611 /* Lottie */ = {
			isa = XCSwiftPackageProductDependency;
			package = 99DF1A9C2D5F001500A9589E /* XCRemoteSwiftPackageReference "lottie-ios" */;
			productName = Lottie;
		};
		9999AE5F2D5F0184008C6611 /* Lottie */ = {
			isa = XCSwiftPackageProductDependency;
			package = 99DF1A9C2D5F001500A9589E /* XCRemoteSwiftPackageReference "lottie-ios" */;
			productName = Lottie;
		};
		9999AE612D5F0184008C6611 /* Lottie-Dynamic */ = {
			isa = XCSwiftPackageProductDependency;
			package = 99DF1A9C2D5F001500A9589E /* XCRemoteSwiftPackageReference "lottie-ios" */;
			productName = "Lottie-Dynamic";
		};
		9999AE632D5F0193008C6611 /* Lottie */ = {
			isa = XCSwiftPackageProductDependency;
			package = 99DF1A9C2D5F001500A9589E /* XCRemoteSwiftPackageReference "lottie-ios" */;
			productName = Lottie;
		};
		9999AE652D5F0193008C6611 /* Lottie-Dynamic */ = {
			isa = XCSwiftPackageProductDependency;
			package = 99DF1A9C2D5F001500A9589E /* XCRemoteSwiftPackageReference "lottie-ios" */;
			productName = "Lottie-Dynamic";
		};
/* End XCSwiftPackageProductDependency section */
	};
	rootObject = 99DF19A82D5EA39000A9589E /* Project object */;
}
